
Microsoft Visual Studio Solution File, Format Version 12.00
# Visual Studio 15
VisualStudioVersion = 15.0.26403.7
MinimumVisualStudioVersion = 10.0.40219.1
Project("{FAE04EC0-301F-11D3-BF4B-00C04F79EFBC}") = "BadBroker.Web", "BadBroker.Web\BadBroker.Web.csproj", "{9F7071FF-3A8D-4C52-966C-DC8F34D8A4D8}"
EndProject
Project("{FAE04EC0-301F-11D3-BF4B-00C04F79EFBC}") = "BadBroker.BusinessLogic", "BadBroker.BusinessLogic\BadBroker.BusinessLogic.csproj", "{3D28EA89-D654-4BD1-8AA1-508E415037FB}"
EndProject
Global
	GlobalSection(SolutionConfigurationPlatforms) = preSolution
		Debug|Any CPU = Debug|Any CPU
		Release|Any CPU = Release|Any CPU
	EndGlobalSection
	GlobalSection(ProjectConfigurationPlatforms) = postSolution
		{9F7071FF-3A8D-4C52-966C-DC8F34D8A4D8}.Debug|Any CPU.ActiveCfg = Debug|Any CPU
		{9F7071FF-3A8D-4C52-966C-DC8F34D8A4D8}.Debug|Any CPU.Build.0 = Debug|Any CPU
		{9F7071FF-3A8D-4C52-966C-DC8F34D8A4D8}.Release|Any CPU.ActiveCfg = Release|Any CPU
		{9F7071FF-3A8D-4C52-966C-DC8F34D8A4D8}.Release|Any CPU.Build.0 = Release|Any CPU
		{3D28EA89-D654-4BD1-8AA1-508E415037FB}.Debug|Any CPU.ActiveCfg = Debug|Any CPU
		{3D28EA89-D654-4BD1-8AA1-508E415037FB}.Debug|Any CPU.Build.0 = Debug|Any CPU
		{3D28EA89-D654-4BD1-8AA1-508E415037FB}.Release|Any CPU.ActiveCfg = Release|Any CPU
		{3D28EA89-D654-4BD1-8AA1-508E415037FB}.Release|Any CPU.Build.0 = Release|Any CPU
	EndGlobalSection
	GlobalSection(SolutionProperties) = preSolution
		HideSolutionNode = FALSE
	EndGlobalSection
EndGlobal
